
Microsoft Visual Studio Solution File, Format Version 12.00
# Visual Studio Version 16
VisualStudioVersion = 16.0.29806.167
MinimumVisualStudioVersion = 10.0.40219.1
Project("{FAE04EC0-301F-11D3-BF4B-00C04F79EFBC}") = "Ducks", "Ducks\Ducks.csproj", "{E49159F6-DD7C-4172-A367-13EF8A2A448D}"
EndProject
Project("{FAE04EC0-301F-11D3-BF4B-00C04F79EFBC}") = "PatternStrategy", "PatternStrategy\PatternStrategy.csproj", "{47C0A55D-009B-4CC9-96D0-E365767A4AD4}"
EndProject
Project("{FAE04EC0-301F-11D3-BF4B-00C04F79EFBC}") = "PatternAdapter", "PatternAdapter\PatternAdapter.csproj", "{994CBA8B-4747-4FF3-A7E5-E177C8C44CA0}"
EndProject
Project("{FAE04EC0-301F-11D3-BF4B-00C04F79EFBC}") = "PatternIterator", "PatternIterator\PatternIterator.csproj", "{35FFC4C3-6999-4D2D-B408-8662FBA7ADD4}"
EndProject
Project("{FAE04EC0-301F-11D3-BF4B-00C04F79EFBC}") = "PatternDecorator", "PatternDecorator\PatternDecorator.csproj", "{957FA787-1A73-45A6-A73F-6D9C269D1409}"
EndProject
Global
	GlobalSection(SolutionConfigurationPlatforms) = preSolution
		Debug|Any CPU = Debug|Any CPU
		Release|Any CPU = Release|Any CPU
	EndGlobalSection
	GlobalSection(ProjectConfigurationPlatforms) = postSolution
		{E49159F6-DD7C-4172-A367-13EF8A2A448D}.Debug|Any CPU.ActiveCfg = Debug|Any CPU
		{E49159F6-DD7C-4172-A367-13EF8A2A448D}.Release|Any CPU.ActiveCfg = Release|Any CPU
		{E49159F6-DD7C-4172-A367-13EF8A2A448D}.Release|Any CPU.Build.0 = Release|Any CPU
		{E49159F6-DD7C-4172-A367-13EF8A2A448D}.Debug|Any CPU.Build.0 = Debug|Any CPU
		{47C0A55D-009B-4CC9-96D0-E365767A4AD4}.Debug|Any CPU.ActiveCfg = Debug|Any CPU
		{47C0A55D-009B-4CC9-96D0-E365767A4AD4}.Debug|Any CPU.Build.0 = Debug|Any CPU
		{47C0A55D-009B-4CC9-96D0-E365767A4AD4}.Release|Any CPU.ActiveCfg = Release|Any CPU
		{47C0A55D-009B-4CC9-96D0-E365767A4AD4}.Release|Any CPU.Build.0 = Release|Any CPU
		{994CBA8B-4747-4FF3-A7E5-E177C8C44CA0}.Debug|Any CPU.ActiveCfg = Debug|Any CPU
		{994CBA8B-4747-4FF3-A7E5-E177C8C44CA0}.Debug|Any CPU.Build.0 = Debug|Any CPU
		{994CBA8B-4747-4FF3-A7E5-E177C8C44CA0}.Release|Any CPU.ActiveCfg = Release|Any CPU
		{994CBA8B-4747-4FF3-A7E5-E177C8C44CA0}.Release|Any CPU.Build.0 = Release|Any CPU
		{35FFC4C3-6999-4D2D-B408-8662FBA7ADD4}.Debug|Any CPU.ActiveCfg = Debug|Any CPU
		{35FFC4C3-6999-4D2D-B408-8662FBA7ADD4}.Debug|Any CPU.Build.0 = Debug|Any CPU
		{35FFC4C3-6999-4D2D-B408-8662FBA7ADD4}.Release|Any CPU.ActiveCfg = Release|Any CPU
		{35FFC4C3-6999-4D2D-B408-8662FBA7ADD4}.Release|Any CPU.Build.0 = Release|Any CPU
		{957FA787-1A73-45A6-A73F-6D9C269D1409}.Debug|Any CPU.ActiveCfg = Debug|Any CPU
		{957FA787-1A73-45A6-A73F-6D9C269D1409}.Debug|Any CPU.Build.0 = Debug|Any CPU
		{957FA787-1A73-45A6-A73F-6D9C269D1409}.Release|Any CPU.ActiveCfg = Release|Any CPU
		{957FA787-1A73-45A6-A73F-6D9C269D1409}.Release|Any CPU.Build.0 = Release|Any CPU
	EndGlobalSection
	GlobalSection(SolutionProperties) = preSolution
		HideSolutionNode = FALSE
	EndGlobalSection
	GlobalSection(ExtensibilityGlobals) = postSolution
		SolutionGuid = {26DF8D8F-6EAE-4A6A-A8E6-0E5A21B6EB14}
	EndGlobalSection
EndGlobal
